
Microsoft Visual Studio Solution File, Format Version 12.00
# Visual Studio Version 16
VisualStudioVersion = 16.0.31220.234
MinimumVisualStudioVersion = 10.0.40219.1
Project("{9A19103F-16F7-4668-BE54-9A1E7A4F7556}") = "ClassTestApp", "ClassTestApp\ClassTestApp.csproj", "{B3C6C918-6D37-411B-8FB1-39545BC771E7}"
EndProject
Project("{9A19103F-16F7-4668-BE54-9A1E7A4F7556}") = "InterfaceTestApp", "InterfaceTestApp\InterfaceTestApp.csproj", "{B499021B-5B86-47CD-B4A7-8C5ABE8CC0BF}"
EndProject
Project("{9A19103F-16F7-4668-BE54-9A1E7A4F7556}") = "UsingInterfaceTestApp", "UsingInterfaceTestApp\UsingInterfaceTestApp.csproj", "{D7A0364C-C4E5-453D-B7D8-BA2AB248044F}"
EndProject
Project("{9A19103F-16F7-4668-BE54-9A1E7A4F7556}") = "AbstactClassTestApp", "AbstactClassTestApp\AbstactClassTestApp.csproj", "{2942269D-C16A-42AE-812B-61FD16FC907F}"
EndProject
Project("{9A19103F-16F7-4668-BE54-9A1E7A4F7556}") = "PropertyTestApp", "PropertyTestApp\PropertyTestApp.csproj", "{8425A776-EA5D-4678-9EA6-AE18DF62C9BD}"
EndProject
Project("{9A19103F-16F7-4668-BE54-9A1E7A4F7556}") = "ArrayTestApp", "ArrayTestApp\ArrayTestApp.csproj", "{45E17083-96D7-45F5-9EC9-29ED58F7C99C}"
EndProject
Project("{9A19103F-16F7-4668-BE54-9A1E7A4F7556}") = "ArrayClassTestApp", "ArrayClassTestApp\ArrayClassTestApp.csproj", "{FB12DD8D-E447-4F93-8F7D-EB10C5BD409D}"
EndProject
Project("{9A19103F-16F7-4668-BE54-9A1E7A4F7556}") = "CollectionTestApp", "CollectionTestApp\CollectionTestApp.csproj", "{0F24B3D2-E0DF-421F-8298-19D9043E1999}"
EndProject
Project("{9A19103F-16F7-4668-BE54-9A1E7A4F7556}") = "QueueTestApp", "QueueTestApp\QueueTestApp.csproj", "{E7A344BA-2034-42BF-A203-7D449D499D09}"
EndProject
Project("{9A19103F-16F7-4668-BE54-9A1E7A4F7556}") = "IndexerTestApp", "IndexerTestApp\IndexerTestApp.csproj", "{FA599C0B-74AC-4152-9804-7FE42CF75097}"
EndProject
Project("{FAE04EC0-301F-11D3-BF4B-00C04F79EFBC}") = "GenericTestApp", "GenericTestApp\GenericTestApp.csproj", "{5FC02CB8-1660-4773-AA45-BC93F05881DA}"
EndProject
Project("{FAE04EC0-301F-11D3-BF4B-00C04F79EFBC}") = "GenericMyListApp", "GenericMyListApp\GenericMyListApp.csproj", "{414308D3-B8F6-46B1-B16C-99E861990AB1}"
EndProject
Project("{FAE04EC0-301F-11D3-BF4B-00C04F79EFBC}") = "GenericCollectionApp", "GenericCollectionApp\GenericCollectionApp.csproj", "{CE3FB5BA-B5B1-4E15-B2A3-167B831B6FB6}"
EndProject
Project("{FAE04EC0-301F-11D3-BF4B-00C04F79EFBC}") = "ExceptionApp", "ExceptionApp\ExceptionApp.csproj", "{396CD52C-A803-4874-B4B0-FC10CAA3C501}"
EndProject
Global
	GlobalSection(SolutionConfigurationPlatforms) = preSolution
		Debug|Any CPU = Debug|Any CPU
		Release|Any CPU = Release|Any CPU
	EndGlobalSection
	GlobalSection(ProjectConfigurationPlatforms) = postSolution
		{B3C6C918-6D37-411B-8FB1-39545BC771E7}.Debug|Any CPU.ActiveCfg = Debug|Any CPU
		{B3C6C918-6D37-411B-8FB1-39545BC771E7}.Debug|Any CPU.Build.0 = Debug|Any CPU
		{B3C6C918-6D37-411B-8FB1-39545BC771E7}.Release|Any CPU.ActiveCfg = Release|Any CPU
		{B3C6C918-6D37-411B-8FB1-39545BC771E7}.Release|Any CPU.Build.0 = Release|Any CPU
		{B499021B-5B86-47CD-B4A7-8C5ABE8CC0BF}.Debug|Any CPU.ActiveCfg = Debug|Any CPU
		{B499021B-5B86-47CD-B4A7-8C5ABE8CC0BF}.Debug|Any CPU.Build.0 = Debug|Any CPU
		{B499021B-5B86-47CD-B4A7-8C5ABE8CC0BF}.Release|Any CPU.ActiveCfg = Release|Any CPU
		{B499021B-5B86-47CD-B4A7-8C5ABE8CC0BF}.Release|Any CPU.Build.0 = Release|Any CPU
		{D7A0364C-C4E5-453D-B7D8-BA2AB248044F}.Debug|Any CPU.ActiveCfg = Debug|Any CPU
		{D7A0364C-C4E5-453D-B7D8-BA2AB248044F}.Debug|Any CPU.Build.0 = Debug|Any CPU
		{D7A0364C-C4E5-453D-B7D8-BA2AB248044F}.Release|Any CPU.ActiveCfg = Release|Any CPU
		{D7A0364C-C4E5-453D-B7D8-BA2AB248044F}.Release|Any CPU.Build.0 = Release|Any CPU
		{2942269D-C16A-42AE-812B-61FD16FC907F}.Debug|Any CPU.ActiveCfg = Debug|Any CPU
		{2942269D-C16A-42AE-812B-61FD16FC907F}.Debug|Any CPU.Build.0 = Debug|Any CPU
		{2942269D-C16A-42AE-812B-61FD16FC907F}.Release|Any CPU.ActiveCfg = Release|Any CPU
		{2942269D-C16A-42AE-812B-61FD16FC907F}.Release|Any CPU.Build.0 = Release|Any CPU
		{8425A776-EA5D-4678-9EA6-AE18DF62C9BD}.Debug|Any CPU.ActiveCfg = Debug|Any CPU
		{8425A776-EA5D-4678-9EA6-AE18DF62C9BD}.Debug|Any CPU.Build.0 = Debug|Any CPU
		{8425A776-EA5D-4678-9EA6-AE18DF62C9BD}.Release|Any CPU.ActiveCfg = Release|Any CPU
		{8425A776-EA5D-4678-9EA6-AE18DF62C9BD}.Release|Any CPU.Build.0 = Release|Any CPU
		{45E17083-96D7-45F5-9EC9-29ED58F7C99C}.Debug|Any CPU.ActiveCfg = Debug|Any CPU
		{45E17083-96D7-45F5-9EC9-29ED58F7C99C}.Debug|Any CPU.Build.0 = Debug|Any CPU
		{45E17083-96D7-45F5-9EC9-29ED58F7C99C}.Release|Any CPU.ActiveCfg = Release|Any CPU
		{45E17083-96D7-45F5-9EC9-29ED58F7C99C}.Release|Any CPU.Build.0 = Release|Any CPU
		{FB12DD8D-E447-4F93-8F7D-EB10C5BD409D}.Debug|Any CPU.ActiveCfg = Debug|Any CPU
		{FB12DD8D-E447-4F93-8F7D-EB10C5BD409D}.Debug|Any CPU.Build.0 = Debug|Any CPU
		{FB12DD8D-E447-4F93-8F7D-EB10C5BD409D}.Release|Any CPU.ActiveCfg = Release|Any CPU
		{FB12DD8D-E447-4F93-8F7D-EB10C5BD409D}.Release|Any CPU.Build.0 = Release|Any CPU
		{0F24B3D2-E0DF-421F-8298-19D9043E1999}.Debug|Any CPU.ActiveCfg = Debug|Any CPU
		{0F24B3D2-E0DF-421F-8298-19D9043E1999}.Debug|Any CPU.Build.0 = Debug|Any CPU
		{0F24B3D2-E0DF-421F-8298-19D9043E1999}.Release|Any CPU.ActiveCfg = Release|Any CPU
		{0F24B3D2-E0DF-421F-8298-19D9043E1999}.Release|Any CPU.Build.0 = Release|Any CPU
		{E7A344BA-2034-42BF-A203-7D449D499D09}.Debug|Any CPU.ActiveCfg = Debug|Any CPU
		{E7A344BA-2034-42BF-A203-7D449D499D09}.Debug|Any CPU.Build.0 = Debug|Any CPU
		{E7A344BA-2034-42BF-A203-7D449D499D09}.Release|Any CPU.ActiveCfg = Release|Any CPU
		{E7A344BA-2034-42BF-A203-7D449D499D09}.Release|Any CPU.Build.0 = Release|Any CPU
		{FA599C0B-74AC-4152-9804-7FE42CF75097}.Debug|Any CPU.ActiveCfg = Debug|Any CPU
		{FA599C0B-74AC-4152-9804-7FE42CF75097}.Debug|Any CPU.Build.0 = Debug|Any CPU
		{FA599C0B-74AC-4152-9804-7FE42CF75097}.Release|Any CPU.ActiveCfg = Release|Any CPU
		{FA599C0B-74AC-4152-9804-7FE42CF75097}.Release|Any CPU.Build.0 = Release|Any CPU
		{5FC02CB8-1660-4773-AA45-BC93F05881DA}.Debug|Any CPU.ActiveCfg = Debug|Any CPU
		{5FC02CB8-1660-4773-AA45-BC93F05881DA}.Debug|Any CPU.Build.0 = Debug|Any CPU
		{5FC02CB8-1660-4773-AA45-BC93F05881DA}.Release|Any CPU.ActiveCfg = Release|Any CPU
		{5FC02CB8-1660-4773-AA45-BC93F05881DA}.Release|Any CPU.Build.0 = Release|Any CPU
		{414308D3-B8F6-46B1-B16C-99E861990AB1}.Debug|Any CPU.ActiveCfg = Debug|Any CPU
		{414308D3-B8F6-46B1-B16C-99E861990AB1}.Debug|Any CPU.Build.0 = Debug|Any CPU
		{414308D3-B8F6-46B1-B16C-99E861990AB1}.Release|Any CPU.ActiveCfg = Release|Any CPU
		{414308D3-B8F6-46B1-B16C-99E861990AB1}.Release|Any CPU.Build.0 = Release|Any CPU
		{CE3FB5BA-B5B1-4E15-B2A3-167B831B6FB6}.Debug|Any CPU.ActiveCfg = Debug|Any CPU
		{CE3FB5BA-B5B1-4E15-B2A3-167B831B6FB6}.Debug|Any CPU.Build.0 = Debug|Any CPU
		{CE3FB5BA-B5B1-4E15-B2A3-167B831B6FB6}.Release|Any CPU.ActiveCfg = Release|Any CPU
		{CE3FB5BA-B5B1-4E15-B2A3-167B831B6FB6}.Release|Any CPU.Build.0 = Release|Any CPU
		{396CD52C-A803-4874-B4B0-FC10CAA3C501}.Debug|Any CPU.ActiveCfg = Debug|Any CPU
		{396CD52C-A803-4874-B4B0-FC10CAA3C501}.Debug|Any CPU.Build.0 = Debug|Any CPU
		{396CD52C-A803-4874-B4B0-FC10CAA3C501}.Release|Any CPU.ActiveCfg = Release|Any CPU
		{396CD52C-A803-4874-B4B0-FC10CAA3C501}.Release|Any CPU.Build.0 = Release|Any CPU
	EndGlobalSection
	GlobalSection(SolutionProperties) = preSolution
		HideSolutionNode = FALSE
	EndGlobalSection
	GlobalSection(ExtensibilityGlobals) = postSolution
		SolutionGuid = {2D710E57-D757-46F1-A034-E0DDDAEAE6DE}
	EndGlobalSection
EndGlobal
